
Microsoft Visual Studio Solution File, Format Version 12.00
# Visual Studio Version 16
VisualStudioVersion = 16.0.29123.88
MinimumVisualStudioVersion = 10.0.40219.1
Project("{9A19103F-16F7-4668-BE54-9A1E7A4F7556}") = "Movies.Domain", "Movies.Domain\Movies.Domain.csproj", "{A15FCEE1-0E26-4BC6-A277-7139B380BE6D}"
EndProject
Project("{9A19103F-16F7-4668-BE54-9A1E7A4F7556}") = "Movies.Mongo.Repository", "Movies.MongoRepository\Movies.Mongo.Repository.csproj", "{9B6E1B32-6BB6-455C-97FC-91FC899D87D4}"
EndProject
Project("{2150E333-8FDC-42A3-9474-1A3956D46DE8}") = "Infra", "Infra", "{FF3212F1-62C0-4264-BAA7-C29A9BD7AE0E}"
EndProject
Project("{9A19103F-16F7-4668-BE54-9A1E7A4F7556}") = "Movies.Infra.IOC", "Movies.Infra.IOC\Movies.Infra.IOC.csproj", "{6DD25E01-4CA6-4F10-81AF-08B6475DD09B}"
EndProject
Project("{2150E333-8FDC-42A3-9474-1A3956D46DE8}") = "Repository", "Repository", "{D06A5B40-AC33-4555-86DB-7133CF4ED769}"
EndProject
Project("{2150E333-8FDC-42A3-9474-1A3956D46DE8}") = "Domain", "Domain", "{9AB47C33-D159-4FB1-98AC-B0791CA783CD}"
EndProject
Project("{2150E333-8FDC-42A3-9474-1A3956D46DE8}") = "Tests", "Tests", "{A815DDA8-A6E3-4EC1-B334-077048C5C8F9}"
EndProject
Project("{9A19103F-16F7-4668-BE54-9A1E7A4F7556}") = "Movies.Tests", "Movies.Tests\Movies.Tests.csproj", "{97D8C207-E4E1-4102-B859-BABBBDC29B55}"
EndProject
Project("{9A19103F-16F7-4668-BE54-9A1E7A4F7556}") = "Movies.Infra.Extensions", "Movies.Infra.Extensions\Movies.Infra.Extensions.csproj", "{8C6EF93E-8B98-44E8-8EE5-76F1955E35BA}"
EndProject
Project("{2150E333-8FDC-42A3-9474-1A3956D46DE8}") = "Api", "Api", "{E3932590-44DF-436C-90DA-D334DD4AB99E}"
EndProject
Project("{9A19103F-16F7-4668-BE54-9A1E7A4F7556}") = "Movies.Api", "Movies.Api\Movies.Api.csproj", "{65F91CC6-CD8B-4CBB-8F0C-A4A10EAD5FD8}"
EndProject
Project("{9A19103F-16F7-4668-BE54-9A1E7A4F7556}") = "Movies.Infra.Core", "Movies.Infra.Core\Movies.Infra.Core.csproj", "{F71557AD-2FAA-4541-BDFA-092FC68FBFFA}"
EndProject
Global
	GlobalSection(SolutionConfigurationPlatforms) = preSolution
		Debug|Any CPU = Debug|Any CPU
		Release|Any CPU = Release|Any CPU
	EndGlobalSection
	GlobalSection(ProjectConfigurationPlatforms) = postSolution
		{A15FCEE1-0E26-4BC6-A277-7139B380BE6D}.Debug|Any CPU.ActiveCfg = Debug|Any CPU
		{A15FCEE1-0E26-4BC6-A277-7139B380BE6D}.Debug|Any CPU.Build.0 = Debug|Any CPU
		{A15FCEE1-0E26-4BC6-A277-7139B380BE6D}.Release|Any CPU.ActiveCfg = Release|Any CPU
		{A15FCEE1-0E26-4BC6-A277-7139B380BE6D}.Release|Any CPU.Build.0 = Release|Any CPU
		{9B6E1B32-6BB6-455C-97FC-91FC899D87D4}.Debug|Any CPU.ActiveCfg = Debug|Any CPU
		{9B6E1B32-6BB6-455C-97FC-91FC899D87D4}.Debug|Any CPU.Build.0 = Debug|Any CPU
		{9B6E1B32-6BB6-455C-97FC-91FC899D87D4}.Release|Any CPU.ActiveCfg = Release|Any CPU
		{9B6E1B32-6BB6-455C-97FC-91FC899D87D4}.Release|Any CPU.Build.0 = Release|Any CPU
		{6DD25E01-4CA6-4F10-81AF-08B6475DD09B}.Debug|Any CPU.ActiveCfg = Debug|Any CPU
		{6DD25E01-4CA6-4F10-81AF-08B6475DD09B}.Debug|Any CPU.Build.0 = Debug|Any CPU
		{6DD25E01-4CA6-4F10-81AF-08B6475DD09B}.Release|Any CPU.ActiveCfg = Release|Any CPU
		{6DD25E01-4CA6-4F10-81AF-08B6475DD09B}.Release|Any CPU.Build.0 = Release|Any CPU
		{97D8C207-E4E1-4102-B859-BABBBDC29B55}.Debug|Any CPU.ActiveCfg = Debug|Any CPU
		{97D8C207-E4E1-4102-B859-BABBBDC29B55}.Debug|Any CPU.Build.0 = Debug|Any CPU
		{97D8C207-E4E1-4102-B859-BABBBDC29B55}.Release|Any CPU.ActiveCfg = Release|Any CPU
		{97D8C207-E4E1-4102-B859-BABBBDC29B55}.Release|Any CPU.Build.0 = Release|Any CPU
		{8C6EF93E-8B98-44E8-8EE5-76F1955E35BA}.Debug|Any CPU.ActiveCfg = Debug|Any CPU
		{8C6EF93E-8B98-44E8-8EE5-76F1955E35BA}.Debug|Any CPU.Build.0 = Debug|Any CPU
		{8C6EF93E-8B98-44E8-8EE5-76F1955E35BA}.Release|Any CPU.ActiveCfg = Release|Any CPU
		{8C6EF93E-8B98-44E8-8EE5-76F1955E35BA}.Release|Any CPU.Build.0 = Release|Any CPU
		{65F91CC6-CD8B-4CBB-8F0C-A4A10EAD5FD8}.Debug|Any CPU.ActiveCfg = Debug|Any CPU
		{65F91CC6-CD8B-4CBB-8F0C-A4A10EAD5FD8}.Debug|Any CPU.Build.0 = Debug|Any CPU
		{65F91CC6-CD8B-4CBB-8F0C-A4A10EAD5FD8}.Release|Any CPU.ActiveCfg = Release|Any CPU
		{65F91CC6-CD8B-4CBB-8F0C-A4A10EAD5FD8}.Release|Any CPU.Build.0 = Release|Any CPU
		{F71557AD-2FAA-4541-BDFA-092FC68FBFFA}.Debug|Any CPU.ActiveCfg = Debug|Any CPU
		{F71557AD-2FAA-4541-BDFA-092FC68FBFFA}.Debug|Any CPU.Build.0 = Debug|Any CPU
		{F71557AD-2FAA-4541-BDFA-092FC68FBFFA}.Release|Any CPU.ActiveCfg = Release|Any CPU
		{F71557AD-2FAA-4541-BDFA-092FC68FBFFA}.Release|Any CPU.Build.0 = Release|Any CPU
	EndGlobalSection
	GlobalSection(SolutionProperties) = preSolution
		HideSolutionNode = FALSE
	EndGlobalSection
	GlobalSection(NestedProjects) = preSolution
		{A15FCEE1-0E26-4BC6-A277-7139B380BE6D} = {9AB47C33-D159-4FB1-98AC-B0791CA783CD}
		{9B6E1B32-6BB6-455C-97FC-91FC899D87D4} = {D06A5B40-AC33-4555-86DB-7133CF4ED769}
		{6DD25E01-4CA6-4F10-81AF-08B6475DD09B} = {FF3212F1-62C0-4264-BAA7-C29A9BD7AE0E}
		{97D8C207-E4E1-4102-B859-BABBBDC29B55} = {A815DDA8-A6E3-4EC1-B334-077048C5C8F9}
		{8C6EF93E-8B98-44E8-8EE5-76F1955E35BA} = {FF3212F1-62C0-4264-BAA7-C29A9BD7AE0E}
		{65F91CC6-CD8B-4CBB-8F0C-A4A10EAD5FD8} = {E3932590-44DF-436C-90DA-D334DD4AB99E}
		{F71557AD-2FAA-4541-BDFA-092FC68FBFFA} = {FF3212F1-62C0-4264-BAA7-C29A9BD7AE0E}
	EndGlobalSection
	GlobalSection(ExtensibilityGlobals) = postSolution
		SolutionGuid = {E3D4A400-18C0-46E1-9FB7-BE2CB178A207}
	EndGlobalSection
EndGlobal
